// !$*UTF8*$!
{
	archiveVersion = 1;
	classes = {
	};
	objectVersion = 50;
	objects = {

/* Begin PBXBuildFile section */
		331F300923FBCECC00E56289 /* AppDelegate.swift in Sources */ = {isa = PBXBuildFile; fileRef = 331F300823FBCECC00E56289 /* AppDelegate.swift */; };
		331F300B23FBCECC00E56289 /* ViewController.swift in Sources */ = {isa = PBXBuildFile; fileRef = 331F300A23FBCECC00E56289 /* ViewController.swift */; };
		331F300E23FBCECC00E56289 /* Main.storyboard in Resources */ = {isa = PBXBuildFile; fileRef = 331F300C23FBCECC00E56289 /* Main.storyboard */; };
		331F301023FBCECE00E56289 /* Assets.xcassets in Resources */ = {isa = PBXBuildFile; fileRef = 331F300F23FBCECE00E56289 /* Assets.xcassets */; };
		331F301323FBCECE00E56289 /* LaunchScreen.storyboard in Resources */ = {isa = PBXBuildFile; fileRef = 331F301123FBCECE00E56289 /* LaunchScreen.storyboard */; };
		331F301E23FBCECE00E56289 /* DYZBTests.swift in Sources */ = {isa = PBXBuildFile; fileRef = 331F301D23FBCECE00E56289 /* DYZBTests.swift */; };
		331F302923FBCECE00E56289 /* DYZBUITests.swift in Sources */ = {isa = PBXBuildFile; fileRef = 331F302823FBCECE00E56289 /* DYZBUITests.swift */; };
/* End PBXBuildFile section */

/* Begin PBXContainerItemProxy section */
		331F301A23FBCECE00E56289 /* PBXContainerItemProxy */ = {
			isa = PBXContainerItemProxy;
			containerPortal = 331F2FFD23FBCECC00E56289 /* Project object */;
			proxyType = 1;
			remoteGlobalIDString = 331F300423FBCECC00E56289;
			remoteInfo = DYZB;
		};
		331F302523FBCECE00E56289 /* PBXContainerItemProxy */ = {
			isa = PBXContainerItemProxy;
			containerPortal = 331F2FFD23FBCECC00E56289 /* Project object */;
			proxyType = 1;
			remoteGlobalIDString = 331F300423FBCECC00E56289;
			remoteInfo = DYZB;
		};
/* End PBXContainerItemProxy section */

/* Begin PBXFileReference section */
		331F300523FBCECC00E56289 /* DYZB.app */ = {isa = PBXFileReference; explicitFileType = wrapper.application; includeInIndex = 0; path = DYZB.app; sourceTree = BUILT_PRODUCTS_DIR; };
		331F300823FBCECC00E56289 /* AppDelegate.swift */ = {isa = PBXFileReference; lastKnownFileType = sourcecode.swift; path = AppDelegate.swift; sourceTree = "<group>"; };
		331F300A23FBCECC00E56289 /* ViewController.swift */ = {isa = PBXFileReference; lastKnownFileType = sourcecode.swift; path = ViewController.swift; sourceTree = "<group>"; };
		331F300D23FBCECC00E56289 /* Base */ = {isa = PBXFileReference; lastKnownFileType = file.storyboard; name = Base; path = Base.lproj/Main.storyboard; sourceTree = "<group>"; };
		331F300F23FBCECE00E56289 /* Assets.xcassets */ = {isa = PBXFileReference; lastKnownFileType = folder.assetcatalog; path = Assets.xcassets; sourceTree = "<group>"; };
		331F301223FBCECE00E56289 /* Base */ = {isa = PBXFileReference; lastKnownFileType = file.storyboard; name = Base; path = Base.lproj/LaunchScreen.storyboard; sourceTree = "<group>"; };
		331F301423FBCECE00E56289 /* Info.plist */ = {isa = PBXFileReference; lastKnownFileType = text.plist.xml; path = Info.plist; sourceTree = "<group>"; };
		331F301923FBCECE00E56289 /* DYZBTests.xctest */ = {isa = PBXFileReference; explicitFileType = wrapper.cfbundle; includeInIndex = 0; path = DYZBTests.xctest; sourceTree = BUILT_PRODUCTS_DIR; };
		331F301D23FBCECE00E56289 /* DYZBTests.swift */ = {isa = PBXFileReference; lastKnownFileType = sourcecode.swift; path = DYZBTests.swift; sourceTree = "<group>"; };
		331F301F23FBCECE00E56289 /* Info.plist */ = {isa = PBXFileReference; lastKnownFileType = text.plist.xml; path = Info.plist; sourceTree = "<group>"; };
		331F302423FBCECE00E56289 /* DYZBUITests.xctest */ = {isa = PBXFileReference; explicitFileType = wrapper.cfbundle; includeInIndex = 0; path = DYZBUITests.xctest; sourceTree = BUILT_PRODUCTS_DIR; };
		331F302823FBCECE00E56289 /* DYZBUITests.swift */ = {isa = PBXFileReference; lastKnownFileType = sourcecode.swift; path = DYZBUITests.swift; sourceTree = "<group>"; };
		331F302A23FBCECE00E56289 /* Info.plist */ = {isa = PBXFileReference; lastKnownFileType = text.plist.xml; path = Info.plist; sourceTree = "<group>"; };
/* End PBXFileReference section */

/* Begin PBXFrameworksBuildPhase section */
		331F300223FBCECC00E56289 /* Frameworks */ = {
			isa = PBXFrameworksBuildPhase;
			buildActionMask = 2147483647;
			files = (
			);
			runOnlyForDeploymentPostprocessing = 0;
		};
		331F301623FBCECE00E56289 /* Frameworks */ = {
			isa = PBXFrameworksBuildPhase;
			buildActionMask = 2147483647;
			files = (
			);
			runOnlyForDeploymentPostprocessing = 0;
		};
		331F302123FBCECE00E56289 /* Frameworks */ = {
			isa = PBXFrameworksBuildPhase;
			buildActionMask = 2147483647;
			files = (
			);
			runOnlyForDeploymentPostprocessing = 0;
		};
/* End PBXFrameworksBuildPhase section */

/* Begin PBXGroup section */
		331F2FFC23FBCECC00E56289 = {
			isa = PBXGroup;
			children = (
				331F300723FBCECC00E56289 /* DYZB */,
				331F301C23FBCECE00E56289 /* DYZBTests */,
				331F302723FBCECE00E56289 /* DYZBUITests */,
				331F300623FBCECC00E56289 /* Products */,
			);
			sourceTree = "<group>";
		};
		331F300623FBCECC00E56289 /* Products */ = {
			isa = PBXGroup;
			children = (
				331F300523FBCECC00E56289 /* DYZB.app */,
				331F301923FBCECE00E56289 /* DYZBTests.xctest */,
				331F302423FBCECE00E56289 /* DYZBUITests.xctest */,
			);
			name = Products;
			sourceTree = "<group>";
		};
		331F300723FBCECC00E56289 /* DYZB */ = {
			isa = PBXGroup;
			children = (
				331F300823FBCECC00E56289 /* AppDelegate.swift */,
				331F300A23FBCECC00E56289 /* ViewController.swift */,
				331F300C23FBCECC00E56289 /* Main.storyboard */,
				331F300F23FBCECE00E56289 /* Assets.xcassets */,
				331F301123FBCECE00E56289 /* LaunchScreen.storyboard */,
				331F301423FBCECE00E56289 /* Info.plist */,
			);
			path = DYZB;
			sourceTree = "<group>";
		};
		331F301C23FBCECE00E56289 /* DYZBTests */ = {
			isa = PBXGroup;
			children = (
				331F301D23FBCECE00E56289 /* DYZBTests.swift */,
				331F301F23FBCECE00E56289 /* Info.plist */,
			);
			path = DYZBTests;
			sourceTree = "<group>";
		};
		331F302723FBCECE00E56289 /* DYZBUITests */ = {
			isa = PBXGroup;
			children = (
				331F302823FBCECE00E56289 /* DYZBUITests.swift */,
				331F302A23FBCECE00E56289 /* Info.plist */,
			);
			path = DYZBUITests;
			sourceTree = "<group>";
		};
/* End PBXGroup section */

/* Begin PBXNativeTarget section */
		331F300423FBCECC00E56289 /* DYZB */ = {
			isa = PBXNativeTarget;
			buildConfigurationList = 331F302D23FBCECE00E56289 /* Build configuration list for PBXNativeTarget "DYZB" */;
			buildPhases = (
				331F300123FBCECC00E56289 /* Sources */,
				331F300223FBCECC00E56289 /* Frameworks */,
				331F300323FBCECC00E56289 /* Resources */,
			);
			buildRules = (
			);
			dependencies = (
			);
			name = DYZB;
			productName = DYZB;
			productReference = 331F300523FBCECC00E56289 /* DYZB.app */;
			productType = "com.apple.product-type.application";
		};
		331F301823FBCECE00E56289 /* DYZBTests */ = {
			isa = PBXNativeTarget;
			buildConfigurationList = 331F303023FBCECE00E56289 /* Build configuration list for PBXNativeTarget "DYZBTests" */;
			buildPhases = (
				331F301523FBCECE00E56289 /* Sources */,
				331F301623FBCECE00E56289 /* Frameworks */,
				331F301723FBCECE00E56289 /* Resources */,
			);
			buildRules = (
			);
			dependencies = (
				331F301B23FBCECE00E56289 /* PBXTargetDependency */,
			);
			name = DYZBTests;
			productName = DYZBTests;
			productReference = 331F301923FBCECE00E56289 /* DYZBTests.xctest */;
			productType = "com.apple.product-type.bundle.unit-test";
		};
		331F302323FBCECE00E56289 /* DYZBUITests */ = {
			isa = PBXNativeTarget;
			buildConfigurationList = 331F303323FBCECE00E56289 /* Build configuration list for PBXNativeTarget "DYZBUITests" */;
			buildPhases = (
				331F302023FBCECE00E56289 /* Sources */,
				331F302123FBCECE00E56289 /* Frameworks */,
				331F302223FBCECE00E56289 /* Resources */,
			);
			buildRules = (
			);
			dependencies = (
				331F302623FBCECE00E56289 /* PBXTargetDependency */,
			);
			name = DYZBUITests;
			productName = DYZBUITests;
			productReference = 331F302423FBCECE00E56289 /* DYZBUITests.xctest */;
			productType = "com.apple.product-type.bundle.ui-testing";
		};
/* End PBXNativeTarget section */

/* Begin PBXProject section */
		331F2FFD23FBCECC00E56289 /* Project object */ = {
			isa = PBXProject;
			attributes = {
				LastSwiftUpdateCheck = 1030;
				LastUpgradeCheck = 1030;
				ORGANIZATIONNAME = "张凌锋";
				TargetAttributes = {
					331F300423FBCECC00E56289 = {
						CreatedOnToolsVersion = 10.3;
					};
					331F301823FBCECE00E56289 = {
						CreatedOnToolsVersion = 10.3;
						TestTargetID = 331F300423FBCECC00E56289;
					};
					331F302323FBCECE00E56289 = {
						CreatedOnToolsVersion = 10.3;
						TestTargetID = 331F300423FBCECC00E56289;
					};
				};
			};
			buildConfigurationList = 331F300023FBCECC00E56289 /* Build configuration list for PBXProject "DYZB" */;
			compatibilityVersion = "Xcode 9.3";
			developmentRegion = en;
			hasScannedForEncodings = 0;
			knownRegions = (
				en,
				Base,
			);
			mainGroup = 331F2FFC23FBCECC00E56289;
			productRefGroup = 331F300623FBCECC00E56289 /* Products */;
			projectDirPath = "";
			projectRoot = "";
			targets = (
				331F300423FBCECC00E56289 /* DYZB */,
				331F301823FBCECE00E56289 /* DYZBTests */,
				331F302323FBCECE00E56289 /* DYZBUITests */,
			);
		};
/* End PBXProject section */

/* Begin PBXResourcesBuildPhase section */
		331F300323FBCECC00E56289 /* Resources */ = {
			isa = PBXResourcesBuildPhase;
			buildActionMask = 2147483647;
			files = (
				331F301323FBCECE00E56289 /* LaunchScreen.storyboard in Resources */,
				331F301023FBCECE00E56289 /* Assets.xcassets in Resources */,
				331F300E23FBCECC00E56289 /* Main.storyboard in Resources */,
			);
			runOnlyForDeploymentPostprocessing = 0;
		};
		331F301723FBCECE00E56289 /* Resources */ = {
			isa = PBXResourcesBuildPhase;
			buildActionMask = 2147483647;
			files = (
			);
			runOnlyForDeploymentPostprocessing = 0;
		};
		331F302223FBCECE00E56289 /* Resources */ = {
			isa = PBXResourcesBuildPhase;
			buildActionMask = 2147483647;
			files = (
			);
			runOnlyForDeploymentPostprocessing = 0;
		};
/* End PBXResourcesBuildPhase section */

/* Begin PBXSourcesBuildPhase section */
		331F300123FBCECC00E56289 /* Sources */ = {
			isa = PBXSourcesBuildPhase;
			buildActionMask = 2147483647;
			files = (
				331F300B23FBCECC00E56289 /* ViewController.swift in Sources */,
				331F300923FBCECC00E56289 /* AppDelegate.swift in Sources */,
			);
			runOnlyForDeploymentPostprocessing = 0;
		};
		331F301523FBCECE00E56289 /* Sources */ = {
			isa = PBXSourcesBuildPhase;
			buildActionMask = 2147483647;
			files = (
				331F301E23FBCECE00E56289 /* DYZBTests.swift in Sources */,
			);
			runOnlyForDeploymentPostprocessing = 0;
		};
		331F302023FBCECE00E56289 /* Sources */ = {
			isa = PBXSourcesBuildPhase;
			buildActionMask = 2147483647;
			files = (
				331F302923FBCECE00E56289 /* DYZBUITests.swift in Sources */,
			);
			runOnlyForDeploymentPostprocessing = 0;
		};
/* End PBXSourcesBuildPhase section */

/* Begin PBXTargetDependency section */
		331F301B23FBCECE00E56289 /* PBXTargetDependency */ = {
			isa = PBXTargetDependency;
			target = 331F300423FBCECC00E56289 /* DYZB */;
			targetProxy = 331F301A23FBCECE00E56289 /* PBXContainerItemProxy */;
		};
		331F302623FBCECE00E56289 /* PBXTargetDependency */ = {
			isa = PBXTargetDependency;
			target = 331F300423FBCECC00E56289 /* DYZB */;
			targetProxy = 331F302523FBCECE00E56289 /* PBXContainerItemProxy */;
		};
/* End PBXTargetDependency section */

/* Begin PBXVariantGroup section */
		331F300C23FBCECC00E56289 /* Main.storyboard */ = {
			isa = PBXVariantGroup;
			children = (
				331F300D23FBCECC00E56289 /* Base */,
			);
			name = Main.storyboard;
			sourceTree = "<group>";
		};
		331F301123FBCECE00E56289 /* LaunchScreen.storyboard */ = {
			isa = PBXVariantGroup;
			children = (
				331F301223FBCECE00E56289 /* Base */,
			);
			name = LaunchScreen.storyboard;
			sourceTree = "<group>";
		};
/* End PBXVariantGroup section */

/* Begin XCBuildConfiguration section */
		331F302B23FBCECE00E56289 /* Debug */ = {
			isa = XCBuildConfiguration;
			buildSettings = {
				ALWAYS_SEARCH_USER_PATHS = NO;
				CLANG_ANALYZER_NONNULL = YES;
				CLANG_ANALYZER_NUMBER_OBJECT_CONVERSION = YES_AGGRESSIVE;
				CLANG_CXX_LANGUAGE_STANDARD = "gnu++14";
				CLANG_CXX_LIBRARY = "libc++";
				CLANG_ENABLE_MODULES = YES;
				CLANG_ENABLE_OBJC_ARC = YES;
				CLANG_ENABLE_OBJC_WEAK = YES;
				CLANG_WARN_BLOCK_CAPTURE_AUTORELEASING = YES;
				CLANG_WARN_BOOL_CONVERSION = YES;
				CLANG_WARN_COMMA = YES;
				CLANG_WARN_CONSTANT_CONVERSION = YES;
				CLANG_WARN_DEPRECATED_OBJC_IMPLEMENTATIONS = YES;
				CLANG_WARN_DIRECT_OBJC_ISA_USAGE = YES_ERROR;
				CLANG_WARN_DOCUMENTATION_COMMENTS = YES;
				CLANG_WARN_EMPTY_BODY = YES;
				CLANG_WARN_ENUM_CONVERSION = YES;
				CLANG_WARN_INFINITE_RECURSION = YES;
				CLANG_WARN_INT_CONVERSION = YES;
				CLANG_WARN_NON_LITERAL_NULL_CONVERSION = YES;
				CLANG_WARN_OBJC_IMPLICIT_RETAIN_SELF = YES;
				CLANG_WARN_OBJC_LITERAL_CONVERSION = YES;
				CLANG_WARN_OBJC_ROOT_CLASS = YES_ERROR;
				CLANG_WARN_RANGE_LOOP_ANALYSIS = YES;
				CLANG_WARN_STRICT_PROTOTYPES = YES;
				CLANG_WARN_SUSPICIOUS_MOVE = YES;
				CLANG_WARN_UNGUARDED_AVAILABILITY = YES_AGGRESSIVE;
				CLANG_WARN_UNREACHABLE_CODE = YES;
				CLANG_WARN__DUPLICATE_METHOD_MATCH = YES;
				CODE_SIGN_IDENTITY = "iPhone Developer";
				COPY_PHASE_STRIP = NO;
				DEBUG_INFORMATION_FORMAT = dwarf;
				ENABLE_STRICT_OBJC_MSGSEND = YES;
				ENABLE_TESTABILITY = YES;
				GCC_C_LANGUAGE_STANDARD = gnu11;
				GCC_DYNAMIC_NO_PIC = NO;
				GCC_NO_COMMON_BLOCKS = YES;
				GCC_OPTIMIZATION_LEVEL = 0;
				GCC_PREPROCESSOR_DEFINITIONS = (
					"DEBUG=1",
					"$(inherited)",
				);
				GCC_WARN_64_TO_32_BIT_CONVERSION = YES;
				GCC_WARN_ABOUT_RETURN_TYPE = YES_ERROR;
				GCC_WARN_UNDECLARED_SELECTOR = YES;
				GCC_WARN_UNINITIALIZED_AUTOS = YES_AGGRESSIVE;
				GCC_WARN_UNUSED_FUNCTION = YES;
				GCC_WARN_UNUSED_VARIABLE = YES;
				IPHONEOS_DEPLOYMENT_TARGET = 12.4;
				MTL_ENABLE_DEBUG_INFO = INCLUDE_SOURCE;
				MTL_FAST_MATH = YES;
				ONLY_ACTIVE_ARCH = YES;
				SDKROOT = iphoneos;
				SWIFT_ACTIVE_COMPILATION_CONDITIONS = DEBUG;
				SWIFT_OPTIMIZATION_LEVEL = "-Onone";
			};
			name = Debug;
		};
		331F302C23FBCECE00E56289 /* Release */ = {
			isa = XCBuildConfiguration;
			buildSettings = {
				ALWAYS_SEARCH_USER_PATHS = NO;
				CLANG_ANALYZER_NONNULL = YES;
				CLANG_ANALYZER_NUMBER_OBJECT_CONVERSION = YES_AGGRESSIVE;
				CLANG_CXX_LANGUAGE_STANDARD = "gnu++14";
				CLANG_CXX_LIBRARY = "libc++";
				CLANG_ENABLE_MODULES = YES;
				CLANG_ENABLE_OBJC_ARC = YES;
				CLANG_ENABLE_OBJC_WEAK = YES;
				CLANG_WARN_BLOCK_CAPTURE_AUTORELEASING = YES;
				CLANG_WARN_BOOL_CONVERSION = YES;
				CLANG_WARN_COMMA = YES;
				CLANG_WARN_CONSTANT_CONVERSION = YES;
				CLANG_WARN_DEPRECATED_OBJC_IMPLEMENTATIONS = YES;
				CLANG_WARN_DIRECT_OBJC_ISA_USAGE = YES_ERROR;
				CLANG_WARN_DOCUMENTATION_COMMENTS = YES;
				CLANG_WARN_EMPTY_BODY = YES;
				CLANG_WARN_ENUM_CONVERSION = YES;
				CLANG_WARN_INFINITE_RECURSION = YES;
				CLANG_WARN_INT_CONVERSION = YES;
				CLANG_WARN_NON_LITERAL_NULL_CONVERSION = YES;
				CLANG_WARN_OBJC_IMPLICIT_RETAIN_SELF = YES;
				CLANG_WARN_OBJC_LITERAL_CONVERSION = YES;
				CLANG_WARN_OBJC_ROOT_CLASS = YES_ERROR;
				CLANG_WARN_RANGE_LOOP_ANALYSIS = YES;
				CLANG_WARN_STRICT_PROTOTYPES = YES;
				CLANG_WARN_SUSPICIOUS_MOVE = YES;
				CLANG_WARN_UNGUARDED_AVAILABILITY = YES_AGGRESSIVE;
				CLANG_WARN_UNREACHABLE_CODE = YES;
				CLANG_WARN__DUPLICATE_METHOD_MATCH = YES;
				CODE_SIGN_IDENTITY = "iPhone Developer";
				COPY_PHASE_STRIP = NO;
				DEBUG_INFORMATION_FORMAT = "dwarf-with-dsym";
				ENABLE_NS_ASSERTIONS = NO;
				ENABLE_STRICT_OBJC_MSGSEND = YES;
				GCC_C_LANGUAGE_STANDARD = gnu11;
				GCC_NO_COMMON_BLOCKS = YES;
				GCC_WARN_64_TO_32_BIT_CONVERSION = YES;
				GCC_WARN_ABOUT_RETURN_TYPE = YES_ERROR;
				GCC_WARN_UNDECLARED_SELECTOR = YES;
				GCC_WARN_UNINITIALIZED_AUTOS = YES_AGGRESSIVE;
				GCC_WARN_UNUSED_FUNCTION = YES;
				GCC_WARN_UNUSED_VARIABLE = YES;
				IPHONEOS_DEPLOYMENT_TARGET = 12.4;
				MTL_ENABLE_DEBUG_INFO = NO;
				MTL_FAST_MATH = YES;
				SDKROOT = iphoneos;
				SWIFT_COMPILATION_MODE = wholemodule;
				SWIFT_OPTIMIZATION_LEVEL = "-O";
				VALIDATE_PRODUCT = YES;
			};
			name = Release;
		};
		331F302E23FBCECE00E56289 /* Debug */ = {
			isa = XCBuildConfiguration;
			buildSettings = {
				ASSETCATALOG_COMPILER_APPICON_NAME = AppIcon;
				CODE_SIGN_STYLE = Automatic;
				INFOPLIST_FILE = DYZB/Info.plist;
				LD_RUNPATH_SEARCH_PATHS = (
					"$(inherited)",
					"@executable_path/Frameworks",
				);
				PRODUCT_BUNDLE_IDENTIFIER = XinFuHua.DYZB;
				PRODUCT_NAME = "$(TARGET_NAME)";
				SWIFT_VERSION = 5.0;
				TARGETED_DEVICE_FAMILY = "1,2";
			};
			name = Debug;
		};
		331F302F23FBCECE00E56289 /* Release */ = {
			isa = XCBuildConfiguration;
			buildSettings = {
				ASSETCATALOG_COMPILER_APPICON_NAME = AppIcon;
				CODE_SIGN_STYLE = Automatic;
				INFOPLIST_FILE = DYZB/Info.plist;
				LD_RUNPATH_SEARCH_PATHS = (
					"$(inherited)",
					"@executable_path/Frameworks",
				);
				PRODUCT_BUNDLE_IDENTIFIER = XinFuHua.DYZB;
				PRODUCT_NAME = "$(TARGET_NAME)";
				SWIFT_VERSION = 5.0;
				TARGETED_DEVICE_FAMILY = "1,2";
			};
			name = Release;
		};
		331F303123FBCECE00E56289 /* Debug */ = {
			isa = XCBuildConfiguration;
			buildSettings = {
				ALWAYS_EMBED_SWIFT_STANDARD_LIBRARIES = YES;
				BUNDLE_LOADER = "$(TEST_HOST)";
				CODE_SIGN_STYLE = Automatic;
				INFOPLIST_FILE = DYZBTests/Info.plist;
				LD_RUNPATH_SEARCH_PATHS = (
					"$(inherited)",
					"@executable_path/Frameworks",
					"@loader_path/Frameworks",
				);
				PRODUCT_BUNDLE_IDENTIFIER = XinFuHua.DYZBTests;
				PRODUCT_NAME = "$(TARGET_NAME)";
				SWIFT_VERSION = 5.0;
				TARGETED_DEVICE_FAMILY = "1,2";
				TEST_HOST = "$(BUILT_PRODUCTS_DIR)/DYZB.app/DYZB";
			};
			name = Debug;
		};
		331F303223FBCECE00E56289 /* Release */ = {
			isa = XCBuildConfiguration;
			buildSettings = {
				ALWAYS_EMBED_SWIFT_STANDARD_LIBRARIES = YES;
				BUNDLE_LOADER = "$(TEST_HOST)";
				CODE_SIGN_STYLE = Automatic;
				INFOPLIST_FILE = DYZBTests/Info.plist;
				LD_RUNPATH_SEARCH_PATHS = (
					"$(inherited)",
					"@executable_path/Frameworks",
					"@loader_path/Frameworks",
				);
				PRODUCT_BUNDLE_IDENTIFIER = XinFuHua.DYZBTests;
				PRODUCT_NAME = "$(TARGET_NAME)";
				SWIFT_VERSION = 5.0;
				TARGETED_DEVICE_FAMILY = "1,2";
				TEST_HOST = "$(BUILT_PRODUCTS_DIR)/DYZB.app/DYZB";
			};
			name = Release;
		};
		331F303423FBCECE00E56289 /* Debug */ = {
			isa = XCBuildConfiguration;
			buildSettings = {
				ALWAYS_EMBED_SWIFT_STANDARD_LIBRARIES = YES;
				CODE_SIGN_STYLE = Automatic;
				INFOPLIST_FILE = DYZBUITests/Info.plist;
				LD_RUNPATH_SEARCH_PATHS = (
					"$(inherited)",
					"@executable_path/Frameworks",
					"@loader_path/Frameworks",
				);
				PRODUCT_BUNDLE_IDENTIFIER = XinFuHua.DYZBUITests;
				PRODUCT_NAME = "$(TARGET_NAME)";
				SWIFT_VERSION = 5.0;
				TARGETED_DEVICE_FAMILY = "1,2";
				TEST_TARGET_NAME = DYZB;
			};
			name = Debug;
		};
		331F303523FBCECE00E56289 /* Release */ = {
			isa = XCBuildConfiguration;
			buildSettings = {
				ALWAYS_EMBED_SWIFT_STANDARD_LIBRARIES = YES;
				CODE_SIGN_STYLE = Automatic;
				INFOPLIST_FILE = DYZBUITests/Info.plist;
				LD_RUNPATH_SEARCH_PATHS = (
					"$(inherited)",
					"@executable_path/Frameworks",
					"@loader_path/Frameworks",
				);
				PRODUCT_BUNDLE_IDENTIFIER = XinFuHua.DYZBUITests;
				PRODUCT_NAME = "$(TARGET_NAME)";
				SWIFT_VERSION = 5.0;
				TARGETED_DEVICE_FAMILY = "1,2";
				TEST_TARGET_NAME = DYZB;
			};
			name = Release;
		};
/* End XCBuildConfiguration section */

/* Begin XCConfigurationList section */
		331F300023FBCECC00E56289 /* Build configuration list for PBXProject "DYZB" */ = {
			isa = XCConfigurationList;
			buildConfigurations = (
				331F302B23FBCECE00E56289 /* Debug */,
				331F302C23FBCECE00E56289 /* Release */,
			);
			defaultConfigurationIsVisible = 0;
			defaultConfigurationName = Release;
		};
		331F302D23FBCECE00E56289 /* Build configuration list for PBXNativeTarget "DYZB" */ = {
			isa = XCConfigurationList;
			buildConfigurations = (
				331F302E23FBCECE00E56289 /* Debug */,
				331F302F23FBCECE00E56289 /* Release */,
			);
			defaultConfigurationIsVisible = 0;
			defaultConfigurationName = Release;
		};
		331F303023FBCECE00E56289 /* Build configuration list for PBXNativeTarget "DYZBTests" */ = {
			isa = XCConfigurationList;
			buildConfigurations = (
				331F303123FBCECE00E56289 /* Debug */,
				331F303223FBCECE00E56289 /* Release */,
			);
			defaultConfigurationIsVisible = 0;
			defaultConfigurationName = Release;
		};
		331F303323FBCECE00E56289 /* Build configuration list for PBXNativeTarget "DYZBUITests" */ = {
			isa = XCConfigurationList;
			buildConfigurations = (
				331F303423FBCECE00E56289 /* Debug */,
				331F303523FBCECE00E56289 /* Release */,
			);
			defaultConfigurationIsVisible = 0;
			defaultConfigurationName = Release;
		};
/* End XCConfigurationList section */
	};
	rootObject = 331F2FFD23FBCECC00E56289 /* Project object */;
}
